
Microsoft Visual Studio Solution File, Format Version 12.00
# Visual Studio 2013
VisualStudioVersion = 12.0.31101.0
MinimumVisualStudioVersion = 10.0.40219.1
Project("{FAE04EC0-301F-11D3-BF4B-00C04F79EFBC}") = "oop_classes", "oop_classes\oop_classes.csproj", "{CA6F1AD1-C7D7-4C69-8420-12E8BDFFF435}"
EndProject
Global
	GlobalSection(SolutionConfigurationPlatforms) = preSolution
		Debug|Any CPU = Debug|Any CPU
		Release|Any CPU = Release|Any CPU
	EndGlobalSection
	GlobalSection(ProjectConfigurationPlatforms) = postSolution
		{CA6F1AD1-C7D7-4C69-8420-12E8BDFFF435}.Debug|Any CPU.ActiveCfg = Debug|Any CPU
		{CA6F1AD1-C7D7-4C69-8420-12E8BDFFF435}.Debug|Any CPU.Build.0 = Debug|Any CPU
		{CA6F1AD1-C7D7-4C69-8420-12E8BDFFF435}.Release|Any CPU.ActiveCfg = Release|Any CPU
		{CA6F1AD1-C7D7-4C69-8420-12E8BDFFF435}.Release|Any CPU.Build.0 = Release|Any CPU
	EndGlobalSection
	GlobalSection(SolutionProperties) = preSolution
		HideSolutionNode = FALSE
	EndGlobalSection
EndGlobal
